
Microsoft Visual Studio Solution File, Format Version 12.00
# Visual Studio Version 16
VisualStudioVersion = 16.0.30406.217
MinimumVisualStudioVersion = 10.0.40219.1
Project("{9A19103F-16F7-4668-BE54-9A1E7A4F7556}") = "PetShop.UI", "PetShop.UI\PetShop.UI.csproj", "{8871B567-4534-4B45-9691-88A9099EFE8D}"
EndProject
Project("{9A19103F-16F7-4668-BE54-9A1E7A4F7556}") = "PetShop.Core", "PetShop.Core\PetShop.Core.csproj", "{C33A9814-19D6-4B29-849E-BB218A4771E5}"
EndProject
Project("{9A19103F-16F7-4668-BE54-9A1E7A4F7556}") = "PetShop.Core.Entity", "PetShop.Core.Entity\PetShop.Core.Entity.csproj", "{E2677C9C-AA38-4E90-9F5C-3EEC744DA48A}"
EndProject
Project("{9A19103F-16F7-4668-BE54-9A1E7A4F7556}") = "PetShop.Infrastructure.Data", "PetShop.Infrastructure.Data\PetShop.Infrastructure.Data.csproj", "{D8B35CDB-95A9-41DE-BE74-EF956E3FF11F}"
EndProject
Project("{9A19103F-16F7-4668-BE54-9A1E7A4F7556}") = "PetShop.WebAPI", "PetShop.WebAPI\PetShop.WebAPI.csproj", "{A007CEBA-1F8D-4E38-9691-5E7C3BCBD69B}"
EndProject
Project("{FAE04EC0-301F-11D3-BF4B-00C04F79EFBC}") = "PetShop.Infrastructer.SQLite", "PetShop.Infrastructer.SQLite\PetShop.Infrastructer.SQLite.csproj", "{3EBB8F3E-F5E3-4082-98CE-7DE1C5C4059C}"
EndProject
Global
	GlobalSection(SolutionConfigurationPlatforms) = preSolution
		Debug|Any CPU = Debug|Any CPU
		Release|Any CPU = Release|Any CPU
	EndGlobalSection
	GlobalSection(ProjectConfigurationPlatforms) = postSolution
		{8871B567-4534-4B45-9691-88A9099EFE8D}.Debug|Any CPU.ActiveCfg = Debug|Any CPU
		{8871B567-4534-4B45-9691-88A9099EFE8D}.Debug|Any CPU.Build.0 = Debug|Any CPU
		{8871B567-4534-4B45-9691-88A9099EFE8D}.Release|Any CPU.ActiveCfg = Release|Any CPU
		{8871B567-4534-4B45-9691-88A9099EFE8D}.Release|Any CPU.Build.0 = Release|Any CPU
		{C33A9814-19D6-4B29-849E-BB218A4771E5}.Debug|Any CPU.ActiveCfg = Debug|Any CPU
		{C33A9814-19D6-4B29-849E-BB218A4771E5}.Debug|Any CPU.Build.0 = Debug|Any CPU
		{C33A9814-19D6-4B29-849E-BB218A4771E5}.Release|Any CPU.ActiveCfg = Release|Any CPU
		{C33A9814-19D6-4B29-849E-BB218A4771E5}.Release|Any CPU.Build.0 = Release|Any CPU
		{E2677C9C-AA38-4E90-9F5C-3EEC744DA48A}.Debug|Any CPU.ActiveCfg = Debug|Any CPU
		{E2677C9C-AA38-4E90-9F5C-3EEC744DA48A}.Debug|Any CPU.Build.0 = Debug|Any CPU
		{E2677C9C-AA38-4E90-9F5C-3EEC744DA48A}.Release|Any CPU.ActiveCfg = Release|Any CPU
		{E2677C9C-AA38-4E90-9F5C-3EEC744DA48A}.Release|Any CPU.Build.0 = Release|Any CPU
		{D8B35CDB-95A9-41DE-BE74-EF956E3FF11F}.Debug|Any CPU.ActiveCfg = Debug|Any CPU
		{D8B35CDB-95A9-41DE-BE74-EF956E3FF11F}.Debug|Any CPU.Build.0 = Debug|Any CPU
		{D8B35CDB-95A9-41DE-BE74-EF956E3FF11F}.Release|Any CPU.ActiveCfg = Release|Any CPU
		{D8B35CDB-95A9-41DE-BE74-EF956E3FF11F}.Release|Any CPU.Build.0 = Release|Any CPU
		{A007CEBA-1F8D-4E38-9691-5E7C3BCBD69B}.Debug|Any CPU.ActiveCfg = Debug|Any CPU
		{A007CEBA-1F8D-4E38-9691-5E7C3BCBD69B}.Debug|Any CPU.Build.0 = Debug|Any CPU
		{A007CEBA-1F8D-4E38-9691-5E7C3BCBD69B}.Release|Any CPU.ActiveCfg = Release|Any CPU
		{A007CEBA-1F8D-4E38-9691-5E7C3BCBD69B}.Release|Any CPU.Build.0 = Release|Any CPU
		{3EBB8F3E-F5E3-4082-98CE-7DE1C5C4059C}.Debug|Any CPU.ActiveCfg = Debug|Any CPU
		{3EBB8F3E-F5E3-4082-98CE-7DE1C5C4059C}.Debug|Any CPU.Build.0 = Debug|Any CPU
		{3EBB8F3E-F5E3-4082-98CE-7DE1C5C4059C}.Release|Any CPU.ActiveCfg = Release|Any CPU
		{3EBB8F3E-F5E3-4082-98CE-7DE1C5C4059C}.Release|Any CPU.Build.0 = Release|Any CPU
	EndGlobalSection
	GlobalSection(SolutionProperties) = preSolution
		HideSolutionNode = FALSE
	EndGlobalSection
	GlobalSection(ExtensibilityGlobals) = postSolution
		SolutionGuid = {BCD0873F-9964-4757-B541-A5F7E666C682}
	EndGlobalSection
EndGlobal
